
Microsoft Visual Studio Solution File, Format Version 12.00
# Visual Studio Version 17
VisualStudioVersion = 17.3.32929.385
MinimumVisualStudioVersion = 10.0.40219.1
Project("{9A19103F-16F7-4668-BE54-9A1E7A4F7556}") = "Home.Agents.Erza", "Home.Agents.Erza\Home.Agents.Erza.csproj", "{F554BD98-7040-481D-83D5-E48CD6B5C473}"
EndProject
Project("{9A19103F-16F7-4668-BE54-9A1E7A4F7556}") = "Home.Common", "..\Common\Home.Common\Home.Common.csproj", "{41BE0B7F-1EDE-4FA1-A742-6AEFE3ABB51E}"
EndProject
Project("{9A19103F-16F7-4668-BE54-9A1E7A4F7556}") = "Home.Agents.Aurore", "Home.Agents.Aurore\Home.Agents.Aurore.csproj", "{C20AD1C6-DE89-4E58-8D55-9A80C8864272}"
EndProject
Project("{9A19103F-16F7-4668-BE54-9A1E7A4F7556}") = "Home.Agents.Gaia", "Home.Agents.Gaia\Home.Agents.Gaia.csproj", "{06E18CCC-E6D8-4104-BF7B-B00B45CCE652}"
EndProject
Project("{9A19103F-16F7-4668-BE54-9A1E7A4F7556}") = "Home.Agents.Freeia", "Home.Agents.Freeia\Home.Agents.Freeia.csproj", "{105EA899-70CA-491C-8BFE-CCA6CD138301}"
EndProject
Project("{9A19103F-16F7-4668-BE54-9A1E7A4F7556}") = "Home.Graph.Common", "..\Common\Home.Graph.Common\Home.Graph.Common.csproj", "{6F2E15E1-6158-4C95-9960-09F5CC4047A9}"
EndProject
Project("{9A19103F-16F7-4668-BE54-9A1E7A4F7556}") = "Home.Agents.Clara", "Home.Agents.Clara\Home.Agents.Clara.csproj", "{794145A6-5BB6-4B4C-B210-174D38CD68DA}"
EndProject
Project("{2150E333-8FDC-42A3-9474-1A3956D46DE8}") = "HomeAutomation", "HomeAutomation", "{F3D3DD48-6685-455A-858A-D679588A8D48}"
EndProject
Project("{2150E333-8FDC-42A3-9474-1A3956D46DE8}") = "Core", "Core", "{B98F8B1C-DB4E-49FD-B20B-192695FF2707}"
EndProject
Project("{2150E333-8FDC-42A3-9474-1A3956D46DE8}") = "Personal", "Personal", "{19BBBF9E-7641-4837-88E6-A7E0E558080D}"
EndProject
Project("{9A19103F-16F7-4668-BE54-9A1E7A4F7556}") = "Home.Agents.Sarah", "Home.Agents.Sarah\Home.Agents.Sarah.csproj", "{7C945654-728C-4F32-B439-74012422EE0F}"
EndProject
Project("{9A19103F-16F7-4668-BE54-9A1E7A4F7556}") = "Home.Agents.Erina", "Home.Agents.Erina\Home.Agents.Erina.csproj", "{F7F8D067-E24D-42A0-9EDC-ADB0674CA186}"
EndProject
Project("{2150E333-8FDC-42A3-9474-1A3956D46DE8}") = "Tests", "Tests", "{A06806CF-DCCB-4673-A787-2E328AC89067}"
EndProject
Project("{9A19103F-16F7-4668-BE54-9A1E7A4F7556}") = "TestsForAgents", "TestsForAgents\TestsForAgents.csproj", "{16267F2F-66F8-45BA-9FE5-61734D67D4A4}"
EndProject
Global
	GlobalSection(SolutionConfigurationPlatforms) = preSolution
		Debug|Any CPU = Debug|Any CPU
		Release|Any CPU = Release|Any CPU
	EndGlobalSection
	GlobalSection(ProjectConfigurationPlatforms) = postSolution
		{F554BD98-7040-481D-83D5-E48CD6B5C473}.Debug|Any CPU.ActiveCfg = Debug|Any CPU
		{F554BD98-7040-481D-83D5-E48CD6B5C473}.Debug|Any CPU.Build.0 = Debug|Any CPU
		{F554BD98-7040-481D-83D5-E48CD6B5C473}.Release|Any CPU.ActiveCfg = Release|Any CPU
		{F554BD98-7040-481D-83D5-E48CD6B5C473}.Release|Any CPU.Build.0 = Release|Any CPU
		{41BE0B7F-1EDE-4FA1-A742-6AEFE3ABB51E}.Debug|Any CPU.ActiveCfg = Debug|Any CPU
		{41BE0B7F-1EDE-4FA1-A742-6AEFE3ABB51E}.Debug|Any CPU.Build.0 = Debug|Any CPU
		{41BE0B7F-1EDE-4FA1-A742-6AEFE3ABB51E}.Release|Any CPU.ActiveCfg = Release|Any CPU
		{41BE0B7F-1EDE-4FA1-A742-6AEFE3ABB51E}.Release|Any CPU.Build.0 = Release|Any CPU
		{C20AD1C6-DE89-4E58-8D55-9A80C8864272}.Debug|Any CPU.ActiveCfg = Debug|Any CPU
		{C20AD1C6-DE89-4E58-8D55-9A80C8864272}.Debug|Any CPU.Build.0 = Debug|Any CPU
		{C20AD1C6-DE89-4E58-8D55-9A80C8864272}.Release|Any CPU.ActiveCfg = Release|Any CPU
		{C20AD1C6-DE89-4E58-8D55-9A80C8864272}.Release|Any CPU.Build.0 = Release|Any CPU
		{06E18CCC-E6D8-4104-BF7B-B00B45CCE652}.Debug|Any CPU.ActiveCfg = Debug|Any CPU
		{06E18CCC-E6D8-4104-BF7B-B00B45CCE652}.Debug|Any CPU.Build.0 = Debug|Any CPU
		{06E18CCC-E6D8-4104-BF7B-B00B45CCE652}.Release|Any CPU.ActiveCfg = Release|Any CPU
		{06E18CCC-E6D8-4104-BF7B-B00B45CCE652}.Release|Any CPU.Build.0 = Release|Any CPU
		{105EA899-70CA-491C-8BFE-CCA6CD138301}.Debug|Any CPU.ActiveCfg = Debug|Any CPU
		{105EA899-70CA-491C-8BFE-CCA6CD138301}.Debug|Any CPU.Build.0 = Debug|Any CPU
		{105EA899-70CA-491C-8BFE-CCA6CD138301}.Release|Any CPU.ActiveCfg = Release|Any CPU
		{105EA899-70CA-491C-8BFE-CCA6CD138301}.Release|Any CPU.Build.0 = Release|Any CPU
		{6F2E15E1-6158-4C95-9960-09F5CC4047A9}.Debug|Any CPU.ActiveCfg = Debug|Any CPU
		{6F2E15E1-6158-4C95-9960-09F5CC4047A9}.Debug|Any CPU.Build.0 = Debug|Any CPU
		{6F2E15E1-6158-4C95-9960-09F5CC4047A9}.Release|Any CPU.ActiveCfg = Release|Any CPU
		{6F2E15E1-6158-4C95-9960-09F5CC4047A9}.Release|Any CPU.Build.0 = Release|Any CPU
		{794145A6-5BB6-4B4C-B210-174D38CD68DA}.Debug|Any CPU.ActiveCfg = Debug|Any CPU
		{794145A6-5BB6-4B4C-B210-174D38CD68DA}.Debug|Any CPU.Build.0 = Debug|Any CPU
		{794145A6-5BB6-4B4C-B210-174D38CD68DA}.Release|Any CPU.ActiveCfg = Release|Any CPU
		{794145A6-5BB6-4B4C-B210-174D38CD68DA}.Release|Any CPU.Build.0 = Release|Any CPU
		{7C945654-728C-4F32-B439-74012422EE0F}.Debug|Any CPU.ActiveCfg = Debug|Any CPU
		{7C945654-728C-4F32-B439-74012422EE0F}.Debug|Any CPU.Build.0 = Debug|Any CPU
		{7C945654-728C-4F32-B439-74012422EE0F}.Release|Any CPU.ActiveCfg = Release|Any CPU
		{7C945654-728C-4F32-B439-74012422EE0F}.Release|Any CPU.Build.0 = Release|Any CPU
		{F7F8D067-E24D-42A0-9EDC-ADB0674CA186}.Debug|Any CPU.ActiveCfg = Debug|Any CPU
		{F7F8D067-E24D-42A0-9EDC-ADB0674CA186}.Debug|Any CPU.Build.0 = Debug|Any CPU
		{F7F8D067-E24D-42A0-9EDC-ADB0674CA186}.Release|Any CPU.ActiveCfg = Release|Any CPU
		{F7F8D067-E24D-42A0-9EDC-ADB0674CA186}.Release|Any CPU.Build.0 = Release|Any CPU
		{16267F2F-66F8-45BA-9FE5-61734D67D4A4}.Debug|Any CPU.ActiveCfg = Debug|Any CPU
		{16267F2F-66F8-45BA-9FE5-61734D67D4A4}.Debug|Any CPU.Build.0 = Debug|Any CPU
		{16267F2F-66F8-45BA-9FE5-61734D67D4A4}.Release|Any CPU.ActiveCfg = Release|Any CPU
		{16267F2F-66F8-45BA-9FE5-61734D67D4A4}.Release|Any CPU.Build.0 = Release|Any CPU
	EndGlobalSection
	GlobalSection(SolutionProperties) = preSolution
		HideSolutionNode = FALSE
	EndGlobalSection
	GlobalSection(NestedProjects) = preSolution
		{F554BD98-7040-481D-83D5-E48CD6B5C473} = {B98F8B1C-DB4E-49FD-B20B-192695FF2707}
		{41BE0B7F-1EDE-4FA1-A742-6AEFE3ABB51E} = {B98F8B1C-DB4E-49FD-B20B-192695FF2707}
		{C20AD1C6-DE89-4E58-8D55-9A80C8864272} = {19BBBF9E-7641-4837-88E6-A7E0E558080D}
		{06E18CCC-E6D8-4104-BF7B-B00B45CCE652} = {B98F8B1C-DB4E-49FD-B20B-192695FF2707}
		{105EA899-70CA-491C-8BFE-CCA6CD138301} = {F3D3DD48-6685-455A-858A-D679588A8D48}
		{6F2E15E1-6158-4C95-9960-09F5CC4047A9} = {B98F8B1C-DB4E-49FD-B20B-192695FF2707}
		{794145A6-5BB6-4B4C-B210-174D38CD68DA} = {19BBBF9E-7641-4837-88E6-A7E0E558080D}
		{7C945654-728C-4F32-B439-74012422EE0F} = {F3D3DD48-6685-455A-858A-D679588A8D48}
		{F7F8D067-E24D-42A0-9EDC-ADB0674CA186} = {19BBBF9E-7641-4837-88E6-A7E0E558080D}
		{16267F2F-66F8-45BA-9FE5-61734D67D4A4} = {A06806CF-DCCB-4673-A787-2E328AC89067}
	EndGlobalSection
	GlobalSection(ExtensibilityGlobals) = postSolution
		SolutionGuid = {A01A3BDF-BD15-4B95-932E-2C8BDD508673}
	EndGlobalSection
EndGlobal
